
Microsoft Visual Studio Solution File, Format Version 12.00
# Visual Studio Version 16
VisualStudioVersion = 16.0.30320.27
MinimumVisualStudioVersion = 10.0.40219.1
Project("{2150E333-8FDC-42A3-9474-1A3956D46DE8}") = "test", "test", "{F2FCE98E-0CED-4E91-B573-40B83F2A59FE}"
EndProject
Project("{2150E333-8FDC-42A3-9474-1A3956D46DE8}") = "src", "src", "{D759D28F-DD82-4A04-BF18-05D5772FC340}"
EndProject
Project("{9A19103F-16F7-4668-BE54-9A1E7A4F7556}") = "CommonApi", "src\CommonApi\CommonApi.csproj", "{F79CC169-D283-44F2-ABFF-A1B7BAF55AD4}"
EndProject
Project("{9A19103F-16F7-4668-BE54-9A1E7A4F7556}") = "ApiTests", "test\ApiTests\ApiTests.csproj", "{C5D9D423-6FDB-4FA3-878E-0B807624C8C5}"
EndProject
Project("{9A19103F-16F7-4668-BE54-9A1E7A4F7556}") = "AppiumWindows", "src\AppiumWindows\AppiumWindows.csproj", "{76B4A1F5-E0D0-41EE-BD7C-3DA1BA580990}"
EndProject
Project("{9A19103F-16F7-4668-BE54-9A1E7A4F7556}") = "SeleniumWebDriverDemo", "src\SeleniumWebDriverDemo\SeleniumWebDriverDemo.csproj", "{7805871A-2091-406C-B4A4-61CA7C79263B}"
EndProject
Project("{9A19103F-16F7-4668-BE54-9A1E7A4F7556}") = "SeleniumWithBDD", "test\SeleniumWithBDD\SeleniumWithBDD.csproj", "{E515B66E-C6F3-4BF0-8BA2-3F0A0FEB71D7}"
EndProject
Project("{9A19103F-16F7-4668-BE54-9A1E7A4F7556}") = "ClassicSelenium", "src\ClassicSelenium\ClassicSelenium.csproj", "{FF5BDC57-B622-4442-A22F-44EF4D32CDAF}"
EndProject
Project("{9A19103F-16F7-4668-BE54-9A1E7A4F7556}") = "NUnit_ParameterSettings", "test\NUnit_ParameterSettings\NUnit_ParameterSettings.csproj", "{AA819AA4-49EB-4648-91A7-3F996FDB43BF}"
EndProject
Project("{9A19103F-16F7-4668-BE54-9A1E7A4F7556}") = "CodeWarsTests", "test\CodeWarsTest\CodeWarsTests.csproj", "{5C9C21C2-3E3C-49B8-ADD2-D35431559D84}"
EndProject
Project("{9A19103F-16F7-4668-BE54-9A1E7A4F7556}") = "CommonTest", "test\CommonTest\CommonTest.csproj", "{14E0AB00-179E-4A1A-914A-1A5621CBF7AE}"
EndProject
Project("{FAE04EC0-301F-11D3-BF4B-00C04F79EFBC}") = "ConfigExample", "src\ConfigExample\ConfigExample.csproj", "{54276B6C-66B8-4E42-A7F0-797F13EBAD1A}"
EndProject
Project("{FAE04EC0-301F-11D3-BF4B-00C04F79EFBC}") = "TestProjectWithConfig", "test\TestProjectWithConfig\TestProjectWithConfig.csproj", "{FFB266B9-284A-4FCA-B246-E2E9129C144C}"
EndProject
Global
	GlobalSection(SolutionConfigurationPlatforms) = preSolution
		Debug|Any CPU = Debug|Any CPU
		Release|Any CPU = Release|Any CPU
	EndGlobalSection
	GlobalSection(ProjectConfigurationPlatforms) = postSolution
		{F79CC169-D283-44F2-ABFF-A1B7BAF55AD4}.Debug|Any CPU.ActiveCfg = Debug|Any CPU
		{F79CC169-D283-44F2-ABFF-A1B7BAF55AD4}.Debug|Any CPU.Build.0 = Debug|Any CPU
		{F79CC169-D283-44F2-ABFF-A1B7BAF55AD4}.Release|Any CPU.ActiveCfg = Release|Any CPU
		{F79CC169-D283-44F2-ABFF-A1B7BAF55AD4}.Release|Any CPU.Build.0 = Release|Any CPU
		{C5D9D423-6FDB-4FA3-878E-0B807624C8C5}.Debug|Any CPU.ActiveCfg = Debug|Any CPU
		{C5D9D423-6FDB-4FA3-878E-0B807624C8C5}.Debug|Any CPU.Build.0 = Debug|Any CPU
		{C5D9D423-6FDB-4FA3-878E-0B807624C8C5}.Release|Any CPU.ActiveCfg = Release|Any CPU
		{C5D9D423-6FDB-4FA3-878E-0B807624C8C5}.Release|Any CPU.Build.0 = Release|Any CPU
		{76B4A1F5-E0D0-41EE-BD7C-3DA1BA580990}.Debug|Any CPU.ActiveCfg = Debug|Any CPU
		{76B4A1F5-E0D0-41EE-BD7C-3DA1BA580990}.Debug|Any CPU.Build.0 = Debug|Any CPU
		{76B4A1F5-E0D0-41EE-BD7C-3DA1BA580990}.Release|Any CPU.ActiveCfg = Release|Any CPU
		{76B4A1F5-E0D0-41EE-BD7C-3DA1BA580990}.Release|Any CPU.Build.0 = Release|Any CPU
		{7805871A-2091-406C-B4A4-61CA7C79263B}.Debug|Any CPU.ActiveCfg = Debug|Any CPU
		{7805871A-2091-406C-B4A4-61CA7C79263B}.Debug|Any CPU.Build.0 = Debug|Any CPU
		{7805871A-2091-406C-B4A4-61CA7C79263B}.Release|Any CPU.ActiveCfg = Release|Any CPU
		{7805871A-2091-406C-B4A4-61CA7C79263B}.Release|Any CPU.Build.0 = Release|Any CPU
		{E515B66E-C6F3-4BF0-8BA2-3F0A0FEB71D7}.Debug|Any CPU.ActiveCfg = Debug|Any CPU
		{E515B66E-C6F3-4BF0-8BA2-3F0A0FEB71D7}.Debug|Any CPU.Build.0 = Debug|Any CPU
		{E515B66E-C6F3-4BF0-8BA2-3F0A0FEB71D7}.Release|Any CPU.ActiveCfg = Release|Any CPU
		{E515B66E-C6F3-4BF0-8BA2-3F0A0FEB71D7}.Release|Any CPU.Build.0 = Release|Any CPU
		{FF5BDC57-B622-4442-A22F-44EF4D32CDAF}.Debug|Any CPU.ActiveCfg = Debug|Any CPU
		{FF5BDC57-B622-4442-A22F-44EF4D32CDAF}.Debug|Any CPU.Build.0 = Debug|Any CPU
		{FF5BDC57-B622-4442-A22F-44EF4D32CDAF}.Release|Any CPU.ActiveCfg = Release|Any CPU
		{FF5BDC57-B622-4442-A22F-44EF4D32CDAF}.Release|Any CPU.Build.0 = Release|Any CPU
		{AA819AA4-49EB-4648-91A7-3F996FDB43BF}.Debug|Any CPU.ActiveCfg = Debug|Any CPU
		{AA819AA4-49EB-4648-91A7-3F996FDB43BF}.Debug|Any CPU.Build.0 = Debug|Any CPU
		{AA819AA4-49EB-4648-91A7-3F996FDB43BF}.Release|Any CPU.ActiveCfg = Release|Any CPU
		{AA819AA4-49EB-4648-91A7-3F996FDB43BF}.Release|Any CPU.Build.0 = Release|Any CPU
		{5C9C21C2-3E3C-49B8-ADD2-D35431559D84}.Debug|Any CPU.ActiveCfg = Debug|Any CPU
		{5C9C21C2-3E3C-49B8-ADD2-D35431559D84}.Debug|Any CPU.Build.0 = Debug|Any CPU
		{5C9C21C2-3E3C-49B8-ADD2-D35431559D84}.Release|Any CPU.ActiveCfg = Release|Any CPU
		{5C9C21C2-3E3C-49B8-ADD2-D35431559D84}.Release|Any CPU.Build.0 = Release|Any CPU
		{14E0AB00-179E-4A1A-914A-1A5621CBF7AE}.Debug|Any CPU.ActiveCfg = Debug|Any CPU
		{14E0AB00-179E-4A1A-914A-1A5621CBF7AE}.Debug|Any CPU.Build.0 = Debug|Any CPU
		{14E0AB00-179E-4A1A-914A-1A5621CBF7AE}.Release|Any CPU.ActiveCfg = Release|Any CPU
		{14E0AB00-179E-4A1A-914A-1A5621CBF7AE}.Release|Any CPU.Build.0 = Release|Any CPU
		{54276B6C-66B8-4E42-A7F0-797F13EBAD1A}.Debug|Any CPU.ActiveCfg = Debug|Any CPU
		{54276B6C-66B8-4E42-A7F0-797F13EBAD1A}.Debug|Any CPU.Build.0 = Debug|Any CPU
		{54276B6C-66B8-4E42-A7F0-797F13EBAD1A}.Release|Any CPU.ActiveCfg = Release|Any CPU
		{54276B6C-66B8-4E42-A7F0-797F13EBAD1A}.Release|Any CPU.Build.0 = Release|Any CPU
		{FFB266B9-284A-4FCA-B246-E2E9129C144C}.Debug|Any CPU.ActiveCfg = Debug|Any CPU
		{FFB266B9-284A-4FCA-B246-E2E9129C144C}.Debug|Any CPU.Build.0 = Debug|Any CPU
		{FFB266B9-284A-4FCA-B246-E2E9129C144C}.Release|Any CPU.ActiveCfg = Release|Any CPU
		{FFB266B9-284A-4FCA-B246-E2E9129C144C}.Release|Any CPU.Build.0 = Release|Any CPU
	EndGlobalSection
	GlobalSection(SolutionProperties) = preSolution
		HideSolutionNode = FALSE
	EndGlobalSection
	GlobalSection(NestedProjects) = preSolution
		{F79CC169-D283-44F2-ABFF-A1B7BAF55AD4} = {D759D28F-DD82-4A04-BF18-05D5772FC340}
		{C5D9D423-6FDB-4FA3-878E-0B807624C8C5} = {F2FCE98E-0CED-4E91-B573-40B83F2A59FE}
		{76B4A1F5-E0D0-41EE-BD7C-3DA1BA580990} = {D759D28F-DD82-4A04-BF18-05D5772FC340}
		{7805871A-2091-406C-B4A4-61CA7C79263B} = {D759D28F-DD82-4A04-BF18-05D5772FC340}
		{E515B66E-C6F3-4BF0-8BA2-3F0A0FEB71D7} = {F2FCE98E-0CED-4E91-B573-40B83F2A59FE}
		{FF5BDC57-B622-4442-A22F-44EF4D32CDAF} = {D759D28F-DD82-4A04-BF18-05D5772FC340}
		{AA819AA4-49EB-4648-91A7-3F996FDB43BF} = {F2FCE98E-0CED-4E91-B573-40B83F2A59FE}
		{5C9C21C2-3E3C-49B8-ADD2-D35431559D84} = {F2FCE98E-0CED-4E91-B573-40B83F2A59FE}
		{14E0AB00-179E-4A1A-914A-1A5621CBF7AE} = {F2FCE98E-0CED-4E91-B573-40B83F2A59FE}
		{54276B6C-66B8-4E42-A7F0-797F13EBAD1A} = {D759D28F-DD82-4A04-BF18-05D5772FC340}
		{FFB266B9-284A-4FCA-B246-E2E9129C144C} = {F2FCE98E-0CED-4E91-B573-40B83F2A59FE}
	EndGlobalSection
	GlobalSection(ExtensibilityGlobals) = postSolution
		SolutionGuid = {72CCA91C-14F4-4288-9AE9-B69BDBF3FC1B}
	EndGlobalSection
EndGlobal
