
Microsoft Visual Studio Solution File, Format Version 12.00
# Visual Studio Version 17
VisualStudioVersion = 17.7.34221.43
MinimumVisualStudioVersion = 10.0.40219.1
Project("{9A19103F-16F7-4668-BE54-9A1E7A4F7556}") = "Loggers", "Loggers\Loggers.csproj", "{EC08D62C-4FC8-4487-BC1D-8BFB895D6C03}"
EndProject
Project("{9A19103F-16F7-4668-BE54-9A1E7A4F7556}") = "FluentValidators", "FluentValidators\FluentValidators.csproj", "{6CB5D604-50ED-43C7-8E93-E9C28A5E3F04}"
EndProject
Project("{2150E333-8FDC-42A3-9474-1A3956D46DE8}") = "Database", "Database", "{87540E0E-760E-4386-9D7D-A7120901095D}"
EndProject
Project("{9A19103F-16F7-4668-BE54-9A1E7A4F7556}") = "TestDatabase", "TestDatabase\TestDatabase.csproj", "{6C590E14-37BB-4E1C-8ECC-9ACCA4307657}"
EndProject
Project("{9A19103F-16F7-4668-BE54-9A1E7A4F7556}") = "TestDatabaseTool", "TestDatabaseTool\TestDatabaseTool.csproj", "{10406732-695A-43A0-BEE5-635C0AC9D74E}"
EndProject
Project("{2150E333-8FDC-42A3-9474-1A3956D46DE8}") = "WebClient", "WebClient", "{67F44915-3CBF-49E0-9B12-55B4A3E90F47}"
EndProject
Project("{FAE04EC0-301F-11D3-BF4B-00C04F79EFBC}") = "PetStore", "PetStore\PetStore.csproj", "{6CC97CF8-FC07-402A-9727-2CF6B7258F5E}"
EndProject
Project("{FAE04EC0-301F-11D3-BF4B-00C04F79EFBC}") = "TestPetStore", "TestPetStore\TestPetStore.csproj", "{E850467F-836C-4D50-882A-067392FD1E1B}"
EndProject
Project("{FAE04EC0-301F-11D3-BF4B-00C04F79EFBC}") = "WebMiddleware", "WebMiddleware\WebMiddleware.csproj", "{D77834F0-D956-4FB1-AE7A-9A68E95A2F2B}"
EndProject
Global
	GlobalSection(SolutionConfigurationPlatforms) = preSolution
		Debug|Any CPU = Debug|Any CPU
		Release|Any CPU = Release|Any CPU
	EndGlobalSection
	GlobalSection(ProjectConfigurationPlatforms) = postSolution
		{EC08D62C-4FC8-4487-BC1D-8BFB895D6C03}.Debug|Any CPU.ActiveCfg = Debug|Any CPU
		{EC08D62C-4FC8-4487-BC1D-8BFB895D6C03}.Debug|Any CPU.Build.0 = Debug|Any CPU
		{EC08D62C-4FC8-4487-BC1D-8BFB895D6C03}.Release|Any CPU.ActiveCfg = Release|Any CPU
		{EC08D62C-4FC8-4487-BC1D-8BFB895D6C03}.Release|Any CPU.Build.0 = Release|Any CPU
		{6CB5D604-50ED-43C7-8E93-E9C28A5E3F04}.Debug|Any CPU.ActiveCfg = Debug|Any CPU
		{6CB5D604-50ED-43C7-8E93-E9C28A5E3F04}.Debug|Any CPU.Build.0 = Debug|Any CPU
		{6CB5D604-50ED-43C7-8E93-E9C28A5E3F04}.Release|Any CPU.ActiveCfg = Release|Any CPU
		{6CB5D604-50ED-43C7-8E93-E9C28A5E3F04}.Release|Any CPU.Build.0 = Release|Any CPU
		{6C590E14-37BB-4E1C-8ECC-9ACCA4307657}.Debug|Any CPU.ActiveCfg = Debug|Any CPU
		{6C590E14-37BB-4E1C-8ECC-9ACCA4307657}.Debug|Any CPU.Build.0 = Debug|Any CPU
		{6C590E14-37BB-4E1C-8ECC-9ACCA4307657}.Release|Any CPU.ActiveCfg = Release|Any CPU
		{6C590E14-37BB-4E1C-8ECC-9ACCA4307657}.Release|Any CPU.Build.0 = Release|Any CPU
		{10406732-695A-43A0-BEE5-635C0AC9D74E}.Debug|Any CPU.ActiveCfg = Debug|Any CPU
		{10406732-695A-43A0-BEE5-635C0AC9D74E}.Debug|Any CPU.Build.0 = Debug|Any CPU
		{10406732-695A-43A0-BEE5-635C0AC9D74E}.Release|Any CPU.ActiveCfg = Release|Any CPU
		{10406732-695A-43A0-BEE5-635C0AC9D74E}.Release|Any CPU.Build.0 = Release|Any CPU
		{6CC97CF8-FC07-402A-9727-2CF6B7258F5E}.Debug|Any CPU.ActiveCfg = Debug|Any CPU
		{6CC97CF8-FC07-402A-9727-2CF6B7258F5E}.Debug|Any CPU.Build.0 = Debug|Any CPU
		{6CC97CF8-FC07-402A-9727-2CF6B7258F5E}.Release|Any CPU.ActiveCfg = Release|Any CPU
		{6CC97CF8-FC07-402A-9727-2CF6B7258F5E}.Release|Any CPU.Build.0 = Release|Any CPU
		{E850467F-836C-4D50-882A-067392FD1E1B}.Debug|Any CPU.ActiveCfg = Debug|Any CPU
		{E850467F-836C-4D50-882A-067392FD1E1B}.Debug|Any CPU.Build.0 = Debug|Any CPU
		{E850467F-836C-4D50-882A-067392FD1E1B}.Release|Any CPU.ActiveCfg = Release|Any CPU
		{E850467F-836C-4D50-882A-067392FD1E1B}.Release|Any CPU.Build.0 = Release|Any CPU
		{D77834F0-D956-4FB1-AE7A-9A68E95A2F2B}.Debug|Any CPU.ActiveCfg = Debug|Any CPU
		{D77834F0-D956-4FB1-AE7A-9A68E95A2F2B}.Debug|Any CPU.Build.0 = Debug|Any CPU
		{D77834F0-D956-4FB1-AE7A-9A68E95A2F2B}.Release|Any CPU.ActiveCfg = Release|Any CPU
		{D77834F0-D956-4FB1-AE7A-9A68E95A2F2B}.Release|Any CPU.Build.0 = Release|Any CPU
	EndGlobalSection
	GlobalSection(SolutionProperties) = preSolution
		HideSolutionNode = FALSE
	EndGlobalSection
	GlobalSection(NestedProjects) = preSolution
		{6C590E14-37BB-4E1C-8ECC-9ACCA4307657} = {87540E0E-760E-4386-9D7D-A7120901095D}
		{10406732-695A-43A0-BEE5-635C0AC9D74E} = {87540E0E-760E-4386-9D7D-A7120901095D}
		{6CC97CF8-FC07-402A-9727-2CF6B7258F5E} = {67F44915-3CBF-49E0-9B12-55B4A3E90F47}
		{E850467F-836C-4D50-882A-067392FD1E1B} = {67F44915-3CBF-49E0-9B12-55B4A3E90F47}
		{D77834F0-D956-4FB1-AE7A-9A68E95A2F2B} = {67F44915-3CBF-49E0-9B12-55B4A3E90F47}
	EndGlobalSection
	GlobalSection(ExtensibilityGlobals) = postSolution
		SolutionGuid = {BD01D8DE-3A0E-4ED2-AB3E-12A43C3AE9BB}
	EndGlobalSection
EndGlobal
